{
  "nodes": {
    "brepl-src": {
      "flake": false,
      "locked": {
        "lastModified": 1770564310,
        "narHash": "sha256-eTQS5LvAOLvx46YS6V/2+bYkWSELTTwZ1ir77eLk99M=",
        "owner": "licht1stein",
        "repo": "brepl",
        "rev": "7c81a1b4cc03dda8e3997c73a47d98e91f368b1a",
        "type": "github"
      },
      "original": {
        "owner": "licht1stein",
        "ref": "v2.7.0",
        "repo": "brepl",
        "type": "github"
      }
    },
    "clj-helpers": {
      "inputs": {
        "clojure-nix-locker": "clojure-nix-locker",
        "nixpkgs": [
          "nixpkgs"
        ]
      },
      "locked": {
        "lastModified": 1781260822,
        "narHash": "sha256-fiG1xacGNQerZ7TUu8Sl/W3K2IeK6r5Dv1xAUbJHvU4=",
        "owner": "outskirtslabs",
        "repo": "clojure-nix-locker-helpers",
        "rev": "f36818752c22ae8c4cc07dcb52353c0afc220aee",
        "type": "github"
      },
      "original": {
        "owner": "outskirtslabs",
        "repo": "clojure-nix-locker-helpers",
        "type": "github"
      }
    },
    "clojure-nix-locker": {
      "inputs": {
        "flake-utils": "flake-utils",
        "nixpkgs": [
          "clj-helpers",
          "nixpkgs"
        ]
      },
      "locked": {
        "lastModified": 1767628431,
        "narHash": "sha256-9JHKdlgDspXbBTE9b+bYYBMfXzBwHMUymY9DUHIvZrQ=",
        "owner": "bevuta",
        "repo": "clojure-nix-locker",
        "rev": "d706ad2804bf8237a61171757b44783042bc9fee",
        "type": "github"
      },
      "original": {
        "owner": "bevuta",
        "repo": "clojure-nix-locker",
        "type": "github"
      }
    },
    "devenv": {
      "inputs": {
        "devshell": "devshell",
        "flake-schemas": "flake-schemas",
        "flakelight": "flakelight",
        "home-manager": "home-manager",
        "nixpkgs": [
          "nixpkgs"
        ],
        "treefmt-nix": "treefmt-nix"
      },
      "locked": {
        "lastModified": 1789284688,
        "narHash": "sha256-Ga+9QPCIf6Vie0w65QOEo57VGn3IsZMhVdhUwvsDze4=",
        "owner": "ramblurr",
        "repo": "nix-devenv",
        "rev": "94d04cbe0a795a77e927b271c1369d32d588f766",
        "type": "github"
      },
      "original": {
        "owner": "ramblurr",
        "repo": "nix-devenv",
        "type": "github"
      }
    },
    "devshell": {
      "inputs": {
        "nixpkgs": [
          "devenv",
          "nixpkgs"
        ]
      },
      "locked": {
        "lastModified": 1788342953,
        "narHash": "sha256-EWkNM4JzBhZ/Yn1PG6lP4/QJuFAFeHYlY5gVxXu940Y=",
        "owner": "numtide",
        "repo": "devshell",
        "rev": "a67c0f87b63bcbdbdcb56785bec0205a2e3d6026",
        "type": "github"
      },
      "original": {
        "owner": "numtide",
        "repo": "devshell",
        "type": "github"
      }
    },
    "devshell_2": {
      "inputs": {
        "nixpkgs": [
          "nixpkgs"
        ]
      },
      "locked": {
        "lastModified": 1788342953,
        "narHash": "sha256-EWkNM4JzBhZ/Yn1PG6lP4/QJuFAFeHYlY5gVxXu940Y=",
        "owner": "numtide",
        "repo": "devshell",
        "rev": "a67c0f87b63bcbdbdcb56785bec0205a2e3d6026",
        "type": "github"
      },
      "original": {
        "owner": "numtide",
        "repo": "devshell",
        "type": "github"
      }
    },
    "flake-schemas": {
      "locked": {
        "lastModified": 1770913512,
        "narHash": "sha256-jRC1qRoRCrMjDalVfUMHFlKSkkA2q0RZWTDW0LsquoA=",
        "rev": "3c464b0e09cb44c6e073c41dd1d834980c3e0b24",
        "revCount": 111,
        "type": "tarball",
        "url": "https://api.flakehub.com/f/pinned/DeterminateSystems/flake-schemas/0.2.1/019c8ce4-cd63-7c3c-a4cf-d1e0788fdcd9/source.tar.gz"
      },
      "original": {
        "type": "tarball",
        "url": "https://flakehub.com/f/DeterminateSystems/flake-schemas/0.2.0"
      }
    },
    "flake-utils": {
      "inputs": {
        "systems": "systems"
      },
      "locked": {
        "lastModified": 1731533236,
        "narHash": "sha256-l0KFg5HjrsfsO/JpG+r7fRrqm12kzFHyUHqHCVpMMbI=",
        "owner": "numtide",
        "repo": "flake-utils",
        "rev": "11707dc2f618dd54ca8739b309ec4fc024de578b",
        "type": "github"
      },
      "original": {
        "owner": "numtide",
        "repo": "flake-utils",
        "type": "github"
      }
    },
    "flakelight": {
      "inputs": {
        "nixpkgs": [
          "devenv",
          "nixpkgs"
        ]
      },
      "locked": {
        "lastModified": 1788583688,
        "narHash": "sha256-opNIEFArE2OsiUOaLOvu4st5r9/uGPoS5/Q9jjWSFZw=",
        "owner": "nix-community",
        "repo": "flakelight",
        "rev": "f75f22a23def22067ffea18af34ceb7087a488db",
        "type": "github"
      },
      "original": {
        "owner": "nix-community",
        "repo": "flakelight",
        "type": "github"
      }
    },
    "home-manager": {
      "inputs": {
        "nixpkgs": "nixpkgs"
      },
      "locked": {
        "lastModified": 1788651960,
        "narHash": "sha256-v9wJd32eZ2bvhBzVOd7TIjLQd011P7nwOhjKtWlci5I=",
        "owner": "nix-community",
        "repo": "home-manager",
        "rev": "2c0350c759688177331b8f5242311fae8877bdb3",
        "type": "github"
      },
      "original": {
        "id": "home-manager",
        "type": "indirect"
      }
    },
    "nixpkgs": {
      "locked": {
        "lastModified": 1787964612,
        "narHash": "sha256-0N9nghg3nwzX6b6qc77EzjR9cu/Z+UR66FlfsCqiURs=",
        "owner": "NixOS",
        "repo": "nixpkgs",
        "rev": "e8be7818e19ada32105a8af937a6a473b38167ca",
        "type": "github"
      },
      "original": {
        "owner": "NixOS",
        "ref": "nixpkgs-unstable",
        "repo": "nixpkgs",
        "type": "github"
      }
    },
    "nixpkgs_2": {
      "locked": {
        "lastModified": 1789785513,
        "narHash": "sha256-B44WL6h0XoLjJ41bUPJk0X5SDinLCII//6EcBLXKiJ0=",
        "rev": "20b1ddd1aa5ace70c9468305030aa4f9ef79671b",
        "revCount": 1076192,
        "type": "tarball",
        "url": "https://api.flakehub.com/f/pinned/NixOS/nixpkgs/0.1.1076192%2Brev-20b1ddd1aa5ace70c9468305030aa4f9ef79671b/01a0bae8-06eb-7ec1-9128-ba6a8ce0b21b/source.tar.gz"
      },
      "original": {
        "type": "tarball",
        "url": "https://flakehub.com/f/NixOS/nixpkgs/0.1"
      }
    },
    "root": {
      "inputs": {
        "brepl-src": "brepl-src",
        "clj-helpers": "clj-helpers",
        "devenv": "devenv",
        "devshell": "devshell_2",
        "nixpkgs": "nixpkgs_2"
      }
    },
    "systems": {
      "locked": {
        "lastModified": 1681028828,
        "narHash": "sha256-Vy1rq5AaRuLzOxct8nz4T6wlgyUR7zLU309k9mBC768=",
        "owner": "nix-systems",
        "repo": "default",
        "rev": "da67096a3b9bf56a91d16901293e51ba5b49a27e",
        "type": "github"
      },
      "original": {
        "owner": "nix-systems",
        "repo": "default",
        "type": "github"
      }
    },
    "treefmt-nix": {
      "inputs": {
        "nixpkgs": [
          "devenv",
          "flakelight",
          "nixpkgs"
        ]
      },
      "locked": {
        "lastModified": 1786901030,
        "narHash": "sha256-WSFCsDSE5ffgD2MqzkM2CYjeFiKhRF/dJUN8uedb6YE=",
        "owner": "numtide",
        "repo": "treefmt-nix",
        "rev": "27b3b12a8e6375f28ebe122f07d230ca5459bbfa",
        "type": "github"
      },
      "original": {
        "owner": "numtide",
        "repo": "treefmt-nix",
        "type": "github"
      }
    }
  },
  "root": "root",
  "version": 7
}
